
Microsoft Visual Studio Solution File, Format Version 12.00
# Visual Studio Version 16
VisualStudioVersion = 16.0.808.3
MinimumVisualStudioVersion = 10.0.40219.1
Project("{FAE04EC0-301F-11D3-BF4B-00C04F79EFBC}") = "SudokuSolver", "SudokuSolver\SudokuSolver.csproj", "{F9D5BF86-82B5-4592-86EB-508AEAC7BC7E}"
EndProject
Global
	GlobalSection(SolutionConfigurationPlatforms) = preSolution
		Debug|anycpu = Debug|anycpu
		Release|anycpu = Release|anycpu
	EndGlobalSection
	GlobalSection(ProjectConfigurationPlatforms) = postSolution
		{F9D5BF86-82B5-4592-86EB-508AEAC7BC7E}.Debug|anycpu.ActiveCfg = Debug|anycpu
		{F9D5BF86-82B5-4592-86EB-508AEAC7BC7E}.Debug|anycpu.Build.0 = Debug|anycpu
		{F9D5BF86-82B5-4592-86EB-508AEAC7BC7E}.Release|anycpu.ActiveCfg = Release|anycpu
		{F9D5BF86-82B5-4592-86EB-508AEAC7BC7E}.Release|anycpu.Build.0 = Release|anycpu
	EndGlobalSection
	GlobalSection(SolutionProperties) = preSolution
		HideSolutionNode = FALSE
	EndGlobalSection
	GlobalSection(ExtensibilityGlobals) = postSolution
		SolutionGuid = {96576CD3-1D00-4736-9117-59528BCA792A}
	EndGlobalSection
EndGlobal
